
Microsoft Visual Studio Solution File, Format Version 12.00
# Visual Studio 2012
Project("{FAE04EC0-301F-11D3-BF4B-00C04F79EFBC}") = "5.ManagingStreams", "5.ManagingStreams\5.ManagingStreams.csproj", "{AB47C164-15DF-4F94-96EE-03E9B93D226A}"
EndProject
Global
	GlobalSection(SolutionConfigurationPlatforms) = preSolution
		Debug|x86 = Debug|x86
		Release|x86 = Release|x86
	EndGlobalSection
	GlobalSection(ProjectConfigurationPlatforms) = postSolution
		{AB47C164-15DF-4F94-96EE-03E9B93D226A}.Debug|x86.ActiveCfg = Debug|x86
		{AB47C164-15DF-4F94-96EE-03E9B93D226A}.Debug|x86.Build.0 = Debug|x86
		{AB47C164-15DF-4F94-96EE-03E9B93D226A}.Release|x86.ActiveCfg = Release|x86
		{AB47C164-15DF-4F94-96EE-03E9B93D226A}.Release|x86.Build.0 = Release|x86
	EndGlobalSection
EndGlobal
